// !$*UTF8*$!
{
	archiveVersion = 1;
	classes = {
	};
	objectVersion = 55;
	objects = {

/* Begin PBXBuildFile section */
		9B82538B27E6E89D00EFF847 /* ViewController2.swift in Sources */ = {isa = PBXBuildFile; fileRef = 9B82538A27E6E89D00EFF847 /* ViewController2.swift */; };
		9BCD49E627DDF771008F7482 /* alart.mp3 in Resources */ = {isa = PBXBuildFile; fileRef = 9BCD49E527DDF771008F7482 /* alart.mp3 */; };
		9BD0B28527DCAE3000D4069E /* AppDelegate.swift in Sources */ = {isa = PBXBuildFile; fileRef = 9BD0B28427DCAE3000D4069E /* AppDelegate.swift */; };
		9BD0B28727DCAE3000D4069E /* SceneDelegate.swift in Sources */ = {isa = PBXBuildFile; fileRef = 9BD0B28627DCAE3000D4069E /* SceneDelegate.swift */; };
		9BD0B28927DCAE3000D4069E /* ViewController.swift in Sources */ = {isa = PBXBuildFile; fileRef = 9BD0B28827DCAE3000D4069E /* ViewController.swift */; };
		9BD0B28C27DCAE3000D4069E /* Main.storyboard in Resources */ = {isa = PBXBuildFile; fileRef = 9BD0B28A27DCAE3000D4069E /* Main.storyboard */; };
		9BD0B28E27DCAE3300D4069E /* Assets.xcassets in Resources */ = {isa = PBXBuildFile; fileRef = 9BD0B28D27DCAE3300D4069E /* Assets.xcassets */; };
		9BD0B29127DCAE3300D4069E /* LaunchScreen.storyboard in Resources */ = {isa = PBXBuildFile; fileRef = 9BD0B28F27DCAE3300D4069E /* LaunchScreen.storyboard */; };
		9BD0B29C27DCAE3300D4069E /* alarm2Tests.swift in Sources */ = {isa = PBXBuildFile; fileRef = 9BD0B29B27DCAE3300D4069E /* alarm2Tests.swift */; };
		9BD0B2A627DCAE3300D4069E /* alarm2UITests.swift in Sources */ = {isa = PBXBuildFile; fileRef = 9BD0B2A527DCAE3300D4069E /* alarm2UITests.swift */; };
		9BD0B2A827DCAE3300D4069E /* alarm2UITestsLaunchTests.swift in Sources */ = {isa = PBXBuildFile; fileRef = 9BD0B2A727DCAE3300D4069E /* alarm2UITestsLaunchTests.swift */; };
/* End PBXBuildFile section */

/* Begin PBXContainerItemProxy section */
		9BD0B29827DCAE3300D4069E /* PBXContainerItemProxy */ = {
			isa = PBXContainerItemProxy;
			containerPortal = 9BD0B27927DCAE3000D4069E /* Project object */;
			proxyType = 1;
			remoteGlobalIDString = 9BD0B28027DCAE3000D4069E;
			remoteInfo = alarm2;
		};
		9BD0B2A227DCAE3300D4069E /* PBXContainerItemProxy */ = {
			isa = PBXContainerItemProxy;
			containerPortal = 9BD0B27927DCAE3000D4069E /* Project object */;
			proxyType = 1;
			remoteGlobalIDString = 9BD0B28027DCAE3000D4069E;
			remoteInfo = alarm2;
		};
/* End PBXContainerItemProxy section */

/* Begin PBXFileReference section */
		9B82538A27E6E89D00EFF847 /* ViewController2.swift */ = {isa = PBXFileReference; lastKnownFileType = sourcecode.swift; path = ViewController2.swift; sourceTree = "<group>"; };
		9BCD49E527DDF771008F7482 /* alart.mp3 */ = {isa = PBXFileReference; lastKnownFileType = audio.mp3; path = alart.mp3; sourceTree = "<group>"; };
		9BD0B28127DCAE3000D4069E /* alarm2.app */ = {isa = PBXFileReference; explicitFileType = wrapper.application; includeInIndex = 0; path = alarm2.app; sourceTree = BUILT_PRODUCTS_DIR; };
		9BD0B28427DCAE3000D4069E /* AppDelegate.swift */ = {isa = PBXFileReference; lastKnownFileType = sourcecode.swift; path = AppDelegate.swift; sourceTree = "<group>"; };
		9BD0B28627DCAE3000D4069E /* SceneDelegate.swift */ = {isa = PBXFileReference; lastKnownFileType = sourcecode.swift; path = SceneDelegate.swift; sourceTree = "<group>"; };
		9BD0B28827DCAE3000D4069E /* ViewController.swift */ = {isa = PBXFileReference; lastKnownFileType = sourcecode.swift; path = ViewController.swift; sourceTree = "<group>"; };
		9BD0B28B27DCAE3000D4069E /* Base */ = {isa = PBXFileReference; lastKnownFileType = file.storyboard; name = Base; path = Base.lproj/Main.storyboard; sourceTree = "<group>"; };
		9BD0B28D27DCAE3300D4069E /* Assets.xcassets */ = {isa = PBXFileReference; lastKnownFileType = folder.assetcatalog; path = Assets.xcassets; sourceTree = "<group>"; };
		9BD0B29027DCAE3300D4069E /* Base */ = {isa = PBXFileReference; lastKnownFileType = file.storyboard; name = Base; path = Base.lproj/LaunchScreen.storyboard; sourceTree = "<group>"; };
		9BD0B29227DCAE3300D4069E /* Info.plist */ = {isa = PBXFileReference; lastKnownFileType = text.plist.xml; path = Info.plist; sourceTree = "<group>"; };
		9BD0B29727DCAE3300D4069E /* alarm2Tests.xctest */ = {isa = PBXFileReference; explicitFileType = wrapper.cfbundle; includeInIndex = 0; path = alarm2Tests.xctest; sourceTree = BUILT_PRODUCTS_DIR; };
		9BD0B29B27DCAE3300D4069E /* alarm2Tests.swift */ = {isa = PBXFileReference; lastKnownFileType = sourcecode.swift; path = alarm2Tests.swift; sourceTree = "<group>"; };
		9BD0B2A127DCAE3300D4069E /* alarm2UITests.xctest */ = {isa = PBXFileReference; explicitFileType = wrapper.cfbundle; includeInIndex = 0; path = alarm2UITests.xctest; sourceTree = BUILT_PRODUCTS_DIR; };
		9BD0B2A527DCAE3300D4069E /* alarm2UITests.swift */ = {isa = PBXFileReference; lastKnownFileType = sourcecode.swift; path = alarm2UITests.swift; sourceTree = "<group>"; };
		9BD0B2A727DCAE3300D4069E /* alarm2UITestsLaunchTests.swift */ = {isa = PBXFileReference; lastKnownFileType = sourcecode.swift; path = alarm2UITestsLaunchTests.swift; sourceTree = "<group>"; };
/* End PBXFileReference section */

/* Begin PBXFrameworksBuildPhase section */
		9BD0B27E27DCAE3000D4069E /* Frameworks */ = {
			isa = PBXFrameworksBuildPhase;
			buildActionMask = 2147483647;
			files = (
			);
			runOnlyForDeploymentPostprocessing = 0;
		};
		9BD0B29427DCAE3300D4069E /* Frameworks */ = {
			isa = PBXFrameworksBuildPhase;
			buildActionMask = 2147483647;
			files = (
			);
			runOnlyForDeploymentPostprocessing = 0;
		};
		9BD0B29E27DCAE3300D4069E /* Frameworks */ = {
			isa = PBXFrameworksBuildPhase;
			buildActionMask = 2147483647;
			files = (
			);
			runOnlyForDeploymentPostprocessing = 0;
		};
/* End PBXFrameworksBuildPhase section */

/* Begin PBXGroup section */
		9BD0B27827DCAE3000D4069E = {
			isa = PBXGroup;
			children = (
				9BD0B28327DCAE3000D4069E /* alarm2 */,
				9BD0B29A27DCAE3300D4069E /* alarm2Tests */,
				9BD0B2A427DCAE3300D4069E /* alarm2UITests */,
				9BD0B28227DCAE3000D4069E /* Products */,
			);
			sourceTree = "<group>";
		};
		9BD0B28227DCAE3000D4069E /* Products */ = {
			isa = PBXGroup;
			children = (
				9BD0B28127DCAE3000D4069E /* alarm2.app */,
				9BD0B29727DCAE3300D4069E /* alarm2Tests.xctest */,
				9BD0B2A127DCAE3300D4069E /* alarm2UITests.xctest */,
			);
			name = Products;
			sourceTree = "<group>";
		};
		9BD0B28327DCAE3000D4069E /* alarm2 */ = {
			isa = PBXGroup;
			children = (
				9BD0B28427DCAE3000D4069E /* AppDelegate.swift */,
				9BD0B28627DCAE3000D4069E /* SceneDelegate.swift */,
				9BD0B28827DCAE3000D4069E /* ViewController.swift */,
				9B82538A27E6E89D00EFF847 /* ViewController2.swift */,
				9BD0B28A27DCAE3000D4069E /* Main.storyboard */,
				9BCD49E527DDF771008F7482 /* alart.mp3 */,
				9BD0B28D27DCAE3300D4069E /* Assets.xcassets */,
				9BD0B28F27DCAE3300D4069E /* LaunchScreen.storyboard */,
				9BD0B29227DCAE3300D4069E /* Info.plist */,
			);
			path = alarm2;
			sourceTree = "<group>";
		};
		9BD0B29A27DCAE3300D4069E /* alarm2Tests */ = {
			isa = PBXGroup;
			children = (
				9BD0B29B27DCAE3300D4069E /* alarm2Tests.swift */,
			);
			path = alarm2Tests;
			sourceTree = "<group>";
		};
		9BD0B2A427DCAE3300D4069E /* alarm2UITests */ = {
			isa = PBXGroup;
			children = (
				9BD0B2A527DCAE3300D4069E /* alarm2UITests.swift */,
				9BD0B2A727DCAE3300D4069E /* alarm2UITestsLaunchTests.swift */,
			);
			path = alarm2UITests;
			sourceTree = "<group>";
		};
/* End PBXGroup section */

/* Begin PBXNativeTarget section */
		9BD0B28027DCAE3000D4069E /* alarm2 */ = {
			isa = PBXNativeTarget;
			buildConfigurationList = 9BD0B2AB27DCAE3400D4069E /* Build configuration list for PBXNativeTarget "alarm2" */;
			buildPhases = (
				9BD0B27D27DCAE3000D4069E /* Sources */,
				9BD0B27E27DCAE3000D4069E /* Frameworks */,
				9BD0B27F27DCAE3000D4069E /* Resources */,
			);
			buildRules = (
			);
			dependencies = (
			);
			name = alarm2;
			productName = alarm2;
			productReference = 9BD0B28127DCAE3000D4069E /* alarm2.app */;
			productType = "com.apple.product-type.application";
		};
		9BD0B29627DCAE3300D4069E /* alarm2Tests */ = {
			isa = PBXNativeTarget;
			buildConfigurationList = 9BD0B2AE27DCAE3400D4069E /* Build configuration list for PBXNativeTarget "alarm2Tests" */;
			buildPhases = (
				9BD0B29327DCAE3300D4069E /* Sources */,
				9BD0B29427DCAE3300D4069E /* Frameworks */,
				9BD0B29527DCAE3300D4069E /* Resources */,
			);
			buildRules = (
			);
			dependencies = (
				9BD0B29927DCAE3300D4069E /* PBXTargetDependency */,
			);
			name = alarm2Tests;
			productName = alarm2Tests;
			productReference = 9BD0B29727DCAE3300D4069E /* alarm2Tests.xctest */;
			productType = "com.apple.product-type.bundle.unit-test";
		};
		9BD0B2A027DCAE3300D4069E /* alarm2UITests */ = {
			isa = PBXNativeTarget;
			buildConfigurationList = 9BD0B2B127DCAE3400D4069E /* Build configuration list for PBXNativeTarget "alarm2UITests" */;
			buildPhases = (
				9BD0B29D27DCAE3300D4069E /* Sources */,
				9BD0B29E27DCAE3300D4069E /* Frameworks */,
				9BD0B29F27DCAE3300D4069E /* Resources */,
			);
			buildRules = (
			);
			dependencies = (
				9BD0B2A327DCAE3300D4069E /* PBXTargetDependency */,
			);
			name = alarm2UITests;
			productName = alarm2UITests;
			productReference = 9BD0B2A127DCAE3300D4069E /* alarm2UITests.xctest */;
			productType = "com.apple.product-type.bundle.ui-testing";
		};
/* End PBXNativeTarget section */

/* Begin PBXProject section */
		9BD0B27927DCAE3000D4069E /* Project object */ = {
			isa = PBXProject;
			attributes = {
				BuildIndependentTargetsInParallel = 1;
				LastSwiftUpdateCheck = 1320;
				LastUpgradeCheck = 1320;
				TargetAttributes = {
					9BD0B28027DCAE3000D4069E = {
						CreatedOnToolsVersion = 13.2.1;
					};
					9BD0B29627DCAE3300D4069E = {
						CreatedOnToolsVersion = 13.2.1;
						TestTargetID = 9BD0B28027DCAE3000D4069E;
					};
					9BD0B2A027DCAE3300D4069E = {
						CreatedOnToolsVersion = 13.2.1;
						TestTargetID = 9BD0B28027DCAE3000D4069E;
					};
				};
			};
			buildConfigurationList = 9BD0B27C27DCAE3000D4069E /* Build configuration list for PBXProject "alarm2" */;
			compatibilityVersion = "Xcode 13.0";
			developmentRegion = en;
			hasScannedForEncodings = 0;
			knownRegions = (
				en,
				Base,
			);
			mainGroup = 9BD0B27827DCAE3000D4069E;
			productRefGroup = 9BD0B28227DCAE3000D4069E /* Products */;
			projectDirPath = "";
			projectRoot = "";
			targets = (
				9BD0B28027DCAE3000D4069E /* alarm2 */,
				9BD0B29627DCAE3300D4069E /* alarm2Tests */,
				9BD0B2A027DCAE3300D4069E /* alarm2UITests */,
			);
		};
/* End PBXProject section */

/* Begin PBXResourcesBuildPhase section */
		9BD0B27F27DCAE3000D4069E /* Resources */ = {
			isa = PBXResourcesBuildPhase;
			buildActionMask = 2147483647;
			files = (
				9BD0B29127DCAE3300D4069E /* LaunchScreen.storyboard in Resources */,
				9BD0B28E27DCAE3300D4069E /* Assets.xcassets in Resources */,
				9BD0B28C27DCAE3000D4069E /* Main.storyboard in Resources */,
				9BCD49E627DDF771008F7482 /* alart.mp3 in Resources */,
			);
			runOnlyForDeploymentPostprocessing = 0;
		};
		9BD0B29527DCAE3300D4069E /* Resources */ = {
			isa = PBXResourcesBuildPhase;
			buildActionMask = 2147483647;
			files = (
			);
			runOnlyForDeploymentPostprocessing = 0;
		};
		9BD0B29F27DCAE3300D4069E /* Resources */ = {
			isa = PBXResourcesBuildPhase;
			buildActionMask = 2147483647;
			files = (
			);
			runOnlyForDeploymentPostprocessing = 0;
		};
/* End PBXResourcesBuildPhase section */

/* Begin PBXSourcesBuildPhase section */
		9BD0B27D27DCAE3000D4069E /* Sources */ = {
			isa = PBXSourcesBuildPhase;
			buildActionMask = 2147483647;
			files = (
				9BD0B28927DCAE3000D4069E /* ViewController.swift in Sources */,
				9B82538B27E6E89D00EFF847 /* ViewController2.swift in Sources */,
				9BD0B28527DCAE3000D4069E /* AppDelegate.swift in Sources */,
				9BD0B28727DCAE3000D4069E /* SceneDelegate.swift in Sources */,
			);
			runOnlyForDeploymentPostprocessing = 0;
		};
		9BD0B29327DCAE3300D4069E /* Sources */ = {
			isa = PBXSourcesBuildPhase;
			buildActionMask = 2147483647;
			files = (
				9BD0B29C27DCAE3300D4069E /* alarm2Tests.swift in Sources */,
			);
			runOnlyForDeploymentPostprocessing = 0;
		};
		9BD0B29D27DCAE3300D4069E /* Sources */ = {
			isa = PBXSourcesBuildPhase;
			buildActionMask = 2147483647;
			files = (
				9BD0B2A627DCAE3300D4069E /* alarm2UITests.swift in Sources */,
				9BD0B2A827DCAE3300D4069E /* alarm2UITestsLaunchTests.swift in Sources */,
			);
			runOnlyForDeploymentPostprocessing = 0;
		};
/* End PBXSourcesBuildPhase section */

/* Begin PBXTargetDependency section */
		9BD0B29927DCAE3300D4069E /* PBXTargetDependency */ = {
			isa = PBXTargetDependency;
			target = 9BD0B28027DCAE3000D4069E /* alarm2 */;
			targetProxy = 9BD0B29827DCAE3300D4069E /* PBXContainerItemProxy */;
		};
		9BD0B2A327DCAE3300D4069E /* PBXTargetDependency */ = {
			isa = PBXTargetDependency;
			target = 9BD0B28027DCAE3000D4069E /* alarm2 */;
			targetProxy = 9BD0B2A227DCAE3300D4069E /* PBXContainerItemProxy */;
		};
/* End PBXTargetDependency section */

/* Begin PBXVariantGroup section */
		9BD0B28A27DCAE3000D4069E /* Main.storyboard */ = {
			isa = PBXVariantGroup;
			children = (
				9BD0B28B27DCAE3000D4069E /* Base */,
			);
			name = Main.storyboard;
			sourceTree = "<group>";
		};
		9BD0B28F27DCAE3300D4069E /* LaunchScreen.storyboard */ = {
			isa = PBXVariantGroup;
			children = (
				9BD0B29027DCAE3300D4069E /* Base */,
			);
			name = LaunchScreen.storyboard;
			sourceTree = "<group>";
		};
/* End PBXVariantGroup section */

/* Begin XCBuildConfiguration section */
		9BD0B2A927DCAE3400D4069E /* Debug */ = {
			isa = XCBuildConfiguration;
			buildSettings = {
				ALWAYS_SEARCH_USER_PATHS = NO;
				CLANG_ANALYZER_NONNULL = YES;
				CLANG_ANALYZER_NUMBER_OBJECT_CONVERSION = YES_AGGRESSIVE;
				CLANG_CXX_LANGUAGE_STANDARD = "gnu++17";
				CLANG_CXX_LIBRARY = "libc++";
				CLANG_ENABLE_MODULES = YES;
				CLANG_ENABLE_OBJC_ARC = YES;
				CLANG_ENABLE_OBJC_WEAK = YES;
				CLANG_WARN_BLOCK_CAPTURE_AUTORELEASING = YES;
				CLANG_WARN_BOOL_CONVERSION = YES;
				CLANG_WARN_COMMA = YES;
				CLANG_WARN_CONSTANT_CONVERSION = YES;
				CLANG_WARN_DEPRECATED_OBJC_IMPLEMENTATIONS = YES;
				CLANG_WARN_DIRECT_OBJC_ISA_USAGE = YES_ERROR;
				CLANG_WARN_DOCUMENTATION_COMMENTS = YES;
				CLANG_WARN_EMPTY_BODY = YES;
				CLANG_WARN_ENUM_CONVERSION = YES;
				CLANG_WARN_INFINITE_RECURSION = YES;
				CLANG_WARN_INT_CONVERSION = YES;
				CLANG_WARN_NON_LITERAL_NULL_CONVERSION = YES;
				CLANG_WARN_OBJC_IMPLICIT_RETAIN_SELF = YES;
				CLANG_WARN_OBJC_LITERAL_CONVERSION = YES;
				CLANG_WARN_OBJC_ROOT_CLASS = YES_ERROR;
				CLANG_WARN_QUOTED_INCLUDE_IN_FRAMEWORK_HEADER = YES;
				CLANG_WARN_RANGE_LOOP_ANALYSIS = YES;
				CLANG_WARN_STRICT_PROTOTYPES = YES;
				CLANG_WARN_SUSPICIOUS_MOVE = YES;
				CLANG_WARN_UNGUARDED_AVAILABILITY = YES_AGGRESSIVE;
				CLANG_WARN_UNREACHABLE_CODE = YES;
				CLANG_WARN__DUPLICATE_METHOD_MATCH = YES;
				COPY_PHASE_STRIP = NO;
				DEBUG_INFORMATION_FORMAT = dwarf;
				ENABLE_STRICT_OBJC_MSGSEND = YES;
				ENABLE_TESTABILITY = YES;
				GCC_C_LANGUAGE_STANDARD = gnu11;
				GCC_DYNAMIC_NO_PIC = NO;
				GCC_NO_COMMON_BLOCKS = YES;
				GCC_OPTIMIZATION_LEVEL = 0;
				GCC_PREPROCESSOR_DEFINITIONS = (
					"DEBUG=1",
					"$(inherited)",
				);
				GCC_WARN_64_TO_32_BIT_CONVERSION = YES;
				GCC_WARN_ABOUT_RETURN_TYPE = YES_ERROR;
				GCC_WARN_UNDECLARED_SELECTOR = YES;
				GCC_WARN_UNINITIALIZED_AUTOS = YES_AGGRESSIVE;
				GCC_WARN_UNUSED_FUNCTION = YES;
				GCC_WARN_UNUSED_VARIABLE = YES;
				IPHONEOS_DEPLOYMENT_TARGET = 15.2;
				MTL_ENABLE_DEBUG_INFO = INCLUDE_SOURCE;
				MTL_FAST_MATH = YES;
				ONLY_ACTIVE_ARCH = YES;
				SDKROOT = iphoneos;
				SWIFT_ACTIVE_COMPILATION_CONDITIONS = DEBUG;
				SWIFT_OPTIMIZATION_LEVEL = "-Onone";
			};
			name = Debug;
		};
		9BD0B2AA27DCAE3400D4069E /* Release */ = {
			isa = XCBuildConfiguration;
			buildSettings = {
				ALWAYS_SEARCH_USER_PATHS = NO;
				CLANG_ANALYZER_NONNULL = YES;
				CLANG_ANALYZER_NUMBER_OBJECT_CONVERSION = YES_AGGRESSIVE;
				CLANG_CXX_LANGUAGE_STANDARD = "gnu++17";
				CLANG_CXX_LIBRARY = "libc++";
				CLANG_ENABLE_MODULES = YES;
				CLANG_ENABLE_OBJC_ARC = YES;
				CLANG_ENABLE_OBJC_WEAK = YES;
				CLANG_WARN_BLOCK_CAPTURE_AUTORELEASING = YES;
				CLANG_WARN_BOOL_CONVERSION = YES;
				CLANG_WARN_COMMA = YES;
				CLANG_WARN_CONSTANT_CONVERSION = YES;
				CLANG_WARN_DEPRECATED_OBJC_IMPLEMENTATIONS = YES;
				CLANG_WARN_DIRECT_OBJC_ISA_USAGE = YES_ERROR;
				CLANG_WARN_DOCUMENTATION_COMMENTS = YES;
				CLANG_WARN_EMPTY_BODY = YES;
				CLANG_WARN_ENUM_CONVERSION = YES;
				CLANG_WARN_INFINITE_RECURSION = YES;
				CLANG_WARN_INT_CONVERSION = YES;
				CLANG_WARN_NON_LITERAL_NULL_CONVERSION = YES;
				CLANG_WARN_OBJC_IMPLICIT_RETAIN_SELF = YES;
				CLANG_WARN_OBJC_LITERAL_CONVERSION = YES;
				CLANG_WARN_OBJC_ROOT_CLASS = YES_ERROR;
				CLANG_WARN_QUOTED_INCLUDE_IN_FRAMEWORK_HEADER = YES;
				CLANG_WARN_RANGE_LOOP_ANALYSIS = YES;
				CLANG_WARN_STRICT_PROTOTYPES = YES;
				CLANG_WARN_SUSPICIOUS_MOVE = YES;
				CLANG_WARN_UNGUARDED_AVAILABILITY = YES_AGGRESSIVE;
				CLANG_WARN_UNREACHABLE_CODE = YES;
				CLANG_WARN__DUPLICATE_METHOD_MATCH = YES;
				COPY_PHASE_STRIP = NO;
				DEBUG_INFORMATION_FORMAT = "dwarf-with-dsym";
				ENABLE_NS_ASSERTIONS = NO;
				ENABLE_STRICT_OBJC_MSGSEND = YES;
				GCC_C_LANGUAGE_STANDARD = gnu11;
				GCC_NO_COMMON_BLOCKS = YES;
				GCC_WARN_64_TO_32_BIT_CONVERSION = YES;
				GCC_WARN_ABOUT_RETURN_TYPE = YES_ERROR;
				GCC_WARN_UNDECLARED_SELECTOR = YES;
				GCC_WARN_UNINITIALIZED_AUTOS = YES_AGGRESSIVE;
				GCC_WARN_UNUSED_FUNCTION = YES;
				GCC_WARN_UNUSED_VARIABLE = YES;
				IPHONEOS_DEPLOYMENT_TARGET = 15.2;
				MTL_ENABLE_DEBUG_INFO = NO;
				MTL_FAST_MATH = YES;
				SDKROOT = iphoneos;
				SWIFT_COMPILATION_MODE = wholemodule;
				SWIFT_OPTIMIZATION_LEVEL = "-O";
				VALIDATE_PRODUCT = YES;
			};
			name = Release;
		};
		9BD0B2AC27DCAE3400D4069E /* Debug */ = {
			isa = XCBuildConfiguration;
			buildSettings = {
				ASSETCATALOG_COMPILER_APPICON_NAME = AppIcon;
				ASSETCATALOG_COMPILER_GLOBAL_ACCENT_COLOR_NAME = AccentColor;
				CODE_SIGN_STYLE = Automatic;
				CURRENT_PROJECT_VERSION = 1;
				GENERATE_INFOPLIST_FILE = YES;
				INFOPLIST_FILE = alarm2/Info.plist;
				INFOPLIST_KEY_UIApplicationSupportsIndirectInputEvents = YES;
				INFOPLIST_KEY_UILaunchStoryboardName = LaunchScreen;
				INFOPLIST_KEY_UIMainStoryboardFile = Main;
				INFOPLIST_KEY_UISupportedInterfaceOrientations_iPad = "UIInterfaceOrientationPortrait UIInterfaceOrientationPortraitUpsideDown UIInterfaceOrientationLandscapeLeft UIInterfaceOrientationLandscapeRight";
				INFOPLIST_KEY_UISupportedInterfaceOrientations_iPhone = "UIInterfaceOrientationPortrait UIInterfaceOrientationLandscapeLeft UIInterfaceOrientationLandscapeRight";
				LD_RUNPATH_SEARCH_PATHS = (
					"$(inherited)",
					"@executable_path/Frameworks",
				);
				MARKETING_VERSION = 1.0;
				PRODUCT_BUNDLE_IDENTIFIER = com.litech.alarm2;
				PRODUCT_NAME = "$(TARGET_NAME)";
				SWIFT_EMIT_LOC_STRINGS = YES;
				SWIFT_VERSION = 5.0;
				TARGETED_DEVICE_FAMILY = "1,2";
			};
			name = Debug;
		};
		9BD0B2AD27DCAE3400D4069E /* Release */ = {
			isa = XCBuildConfiguration;
			buildSettings = {
				ASSETCATALOG_COMPILER_APPICON_NAME = AppIcon;
				ASSETCATALOG_COMPILER_GLOBAL_ACCENT_COLOR_NAME = AccentColor;
				CODE_SIGN_STYLE = Automatic;
				CURRENT_PROJECT_VERSION = 1;
				GENERATE_INFOPLIST_FILE = YES;
				INFOPLIST_FILE = alarm2/Info.plist;
				INFOPLIST_KEY_UIApplicationSupportsIndirectInputEvents = YES;
				INFOPLIST_KEY_UILaunchStoryboardName = LaunchScreen;
				INFOPLIST_KEY_UIMainStoryboardFile = Main;
				INFOPLIST_KEY_UISupportedInterfaceOrientations_iPad = "UIInterfaceOrientationPortrait UIInterfaceOrientationPortraitUpsideDown UIInterfaceOrientationLandscapeLeft UIInterfaceOrientationLandscapeRight";
				INFOPLIST_KEY_UISupportedInterfaceOrientations_iPhone = "UIInterfaceOrientationPortrait UIInterfaceOrientationLandscapeLeft UIInterfaceOrientationLandscapeRight";
				LD_RUNPATH_SEARCH_PATHS = (
					"$(inherited)",
					"@executable_path/Frameworks",
				);
				MARKETING_VERSION = 1.0;
				PRODUCT_BUNDLE_IDENTIFIER = com.litech.alarm2;
				PRODUCT_NAME = "$(TARGET_NAME)";
				SWIFT_EMIT_LOC_STRINGS = YES;
				SWIFT_VERSION = 5.0;
				TARGETED_DEVICE_FAMILY = "1,2";
			};
			name = Release;
		};
		9BD0B2AF27DCAE3400D4069E /* Debug */ = {
			isa = XCBuildConfiguration;
			buildSettings = {
				ALWAYS_EMBED_SWIFT_STANDARD_LIBRARIES = YES;
				BUNDLE_LOADER = "$(TEST_HOST)";
				CODE_SIGN_STYLE = Automatic;
				CURRENT_PROJECT_VERSION = 1;
				GENERATE_INFOPLIST_FILE = YES;
				IPHONEOS_DEPLOYMENT_TARGET = 15.2;
				MARKETING_VERSION = 1.0;
				PRODUCT_BUNDLE_IDENTIFIER = com.litech.alarm2Tests;
				PRODUCT_NAME = "$(TARGET_NAME)";
				SWIFT_EMIT_LOC_STRINGS = NO;
				SWIFT_VERSION = 5.0;
				TARGETED_DEVICE_FAMILY = "1,2";
				TEST_HOST = "$(BUILT_PRODUCTS_DIR)/alarm2.app/alarm2";
			};
			name = Debug;
		};
		9BD0B2B027DCAE3400D4069E /* Release */ = {
			isa = XCBuildConfiguration;
			buildSettings = {
				ALWAYS_EMBED_SWIFT_STANDARD_LIBRARIES = YES;
				BUNDLE_LOADER = "$(TEST_HOST)";
				CODE_SIGN_STYLE = Automatic;
				CURRENT_PROJECT_VERSION = 1;
				GENERATE_INFOPLIST_FILE = YES;
				IPHONEOS_DEPLOYMENT_TARGET = 15.2;
				MARKETING_VERSION = 1.0;
				PRODUCT_BUNDLE_IDENTIFIER = com.litech.alarm2Tests;
				PRODUCT_NAME = "$(TARGET_NAME)";
				SWIFT_EMIT_LOC_STRINGS = NO;
				SWIFT_VERSION = 5.0;
				TARGETED_DEVICE_FAMILY = "1,2";
				TEST_HOST = "$(BUILT_PRODUCTS_DIR)/alarm2.app/alarm2";
			};
			name = Release;
		};
		9BD0B2B227DCAE3400D4069E /* Debug */ = {
			isa = XCBuildConfiguration;
			buildSettings = {
				ALWAYS_EMBED_SWIFT_STANDARD_LIBRARIES = YES;
				CODE_SIGN_STYLE = Automatic;
				CURRENT_PROJECT_VERSION = 1;
				GENERATE_INFOPLIST_FILE = YES;
				MARKETING_VERSION = 1.0;
				PRODUCT_BUNDLE_IDENTIFIER = com.litech.alarm2UITests;
				PRODUCT_NAME = "$(TARGET_NAME)";
				SWIFT_EMIT_LOC_STRINGS = NO;
				SWIFT_VERSION = 5.0;
				TARGETED_DEVICE_FAMILY = "1,2";
				TEST_TARGET_NAME = alarm2;
			};
			name = Debug;
		};
		9BD0B2B327DCAE3400D4069E /* Release */ = {
			isa = XCBuildConfiguration;
			buildSettings = {
				ALWAYS_EMBED_SWIFT_STANDARD_LIBRARIES = YES;
				CODE_SIGN_STYLE = Automatic;
				CURRENT_PROJECT_VERSION = 1;
				GENERATE_INFOPLIST_FILE = YES;
				MARKETING_VERSION = 1.0;
				PRODUCT_BUNDLE_IDENTIFIER = com.litech.alarm2UITests;
				PRODUCT_NAME = "$(TARGET_NAME)";
				SWIFT_EMIT_LOC_STRINGS = NO;
				SWIFT_VERSION = 5.0;
				TARGETED_DEVICE_FAMILY = "1,2";
				TEST_TARGET_NAME = alarm2;
			};
			name = Release;
		};
/* End XCBuildConfiguration section */

/* Begin XCConfigurationList section */
		9BD0B27C27DCAE3000D4069E /* Build configuration list for PBXProject "alarm2" */ = {
			isa = XCConfigurationList;
			buildConfigurations = (
				9BD0B2A927DCAE3400D4069E /* Debug */,
				9BD0B2AA27DCAE3400D4069E /* Release */,
			);
			defaultConfigurationIsVisible = 0;
			defaultConfigurationName = Release;
		};
		9BD0B2AB27DCAE3400D4069E /* Build configuration list for PBXNativeTarget "alarm2" */ = {
			isa = XCConfigurationList;
			buildConfigurations = (
				9BD0B2AC27DCAE3400D4069E /* Debug */,
				9BD0B2AD27DCAE3400D4069E /* Release */,
			);
			defaultConfigurationIsVisible = 0;
			defaultConfigurationName = Release;
		};
		9BD0B2AE27DCAE3400D4069E /* Build configuration list for PBXNativeTarget "alarm2Tests" */ = {
			isa = XCConfigurationList;
			buildConfigurations = (
				9BD0B2AF27DCAE3400D4069E /* Debug */,
				9BD0B2B027DCAE3400D4069E /* Release */,
			);
			defaultConfigurationIsVisible = 0;
			defaultConfigurationName = Release;
		};
		9BD0B2B127DCAE3400D4069E /* Build configuration list for PBXNativeTarget "alarm2UITests" */ = {
			isa = XCConfigurationList;
			buildConfigurations = (
				9BD0B2B227DCAE3400D4069E /* Debug */,
				9BD0B2B327DCAE3400D4069E /* Release */,
			);
			defaultConfigurationIsVisible = 0;
			defaultConfigurationName = Release;
		};
/* End XCConfigurationList section */
	};
	rootObject = 9BD0B27927DCAE3000D4069E /* Project object */;
}
